
Microsoft Visual Studio Solution File, Format Version 12.00
# Visual Studio Version 17
VisualStudioVersion = 17.10.34707.107
MinimumVisualStudioVersion = 10.0.40219.1
Project("{9A19103F-16F7-4668-BE54-9A1E7A4F7556}") = "dotNet1stlesson", "ConsoleApp1\dotNet1stlesson.csproj", "{1903A99F-9ABC-49F9-AF60-D10F2B4F9ADB}"
EndProject
Project("{FAE04EC0-301F-11D3-BF4B-00C04F79EFBC}") = "Homework_1", "Homework_1\Homework_1.csproj", "{E21A358C-C1C3-459F-AC9C-36CE78A987B7}"
EndProject
Global
	GlobalSection(SolutionConfigurationPlatforms) = preSolution
		Debug|Any CPU = Debug|Any CPU
		Release|Any CPU = Release|Any CPU
	EndGlobalSection
	GlobalSection(ProjectConfigurationPlatforms) = postSolution
		{1903A99F-9ABC-49F9-AF60-D10F2B4F9ADB}.Debug|Any CPU.ActiveCfg = Debug|Any CPU
		{1903A99F-9ABC-49F9-AF60-D10F2B4F9ADB}.Debug|Any CPU.Build.0 = Debug|Any CPU
		{1903A99F-9ABC-49F9-AF60-D10F2B4F9ADB}.Release|Any CPU.ActiveCfg = Release|Any CPU
		{1903A99F-9ABC-49F9-AF60-D10F2B4F9ADB}.Release|Any CPU.Build.0 = Release|Any CPU
		{E21A358C-C1C3-459F-AC9C-36CE78A987B7}.Debug|Any CPU.ActiveCfg = Debug|Any CPU
		{E21A358C-C1C3-459F-AC9C-36CE78A987B7}.Debug|Any CPU.Build.0 = Debug|Any CPU
		{E21A358C-C1C3-459F-AC9C-36CE78A987B7}.Release|Any CPU.ActiveCfg = Release|Any CPU
		{E21A358C-C1C3-459F-AC9C-36CE78A987B7}.Release|Any CPU.Build.0 = Release|Any CPU
	EndGlobalSection
	GlobalSection(SolutionProperties) = preSolution
		HideSolutionNode = FALSE
	EndGlobalSection
	GlobalSection(ExtensibilityGlobals) = postSolution
		SolutionGuid = {0BBF43B6-069A-4929-8792-7C5A649ABE67}
	EndGlobalSection
EndGlobal
