
Microsoft Visual Studio Solution File, Format Version 12.00
# Visual Studio Version 17
VisualStudioVersion = 17.10.34707.107
MinimumVisualStudioVersion = 10.0.40219.1
Project("{9A19103F-16F7-4668-BE54-9A1E7A4F7556}") = "dotNet1stlesson", "ConsoleApp1\dotNet1stlesson.csproj", "{1903A99F-9ABC-49F9-AF60-D10F2B4F9ADB}"
EndProject
Project("{9A19103F-16F7-4668-BE54-9A1E7A4F7556}") = "Homework_1", "Homework_1\Homework_1.csproj", "{E21A358C-C1C3-459F-AC9C-36CE78A987B7}"
EndProject
Project("{9A19103F-16F7-4668-BE54-9A1E7A4F7556}") = "Lesson_2", "Lesson_2\Lesson_2.csproj", "{202F9940-20D3-454E-90F6-C4D88E7C2140}"
EndProject
Project("{9A19103F-16F7-4668-BE54-9A1E7A4F7556}") = "Homework_2", "Homework_2\Homework_2.csproj", "{E00A61BE-8C2B-4529-B799-A0B9DC95A90A}"
EndProject
Project("{9A19103F-16F7-4668-BE54-9A1E7A4F7556}") = "Lesson 3", "Lesson 3\Lesson 3.csproj", "{2B8DC805-DB16-4DA2-9EC1-34AB95DCF6FC}"
EndProject
Project("{9A19103F-16F7-4668-BE54-9A1E7A4F7556}") = "Homework_3", "Homework_3\Homework_3.csproj", "{A78D4638-DAFD-436D-A627-29E3CF3CCBC6}"
EndProject
Project("{9A19103F-16F7-4668-BE54-9A1E7A4F7556}") = "Lesson_4", "Lesson_4\Lesson_4.csproj", "{5E0248BF-8EA4-44F5-A027-EDF22C200A27}"
EndProject
Project("{9A19103F-16F7-4668-BE54-9A1E7A4F7556}") = "Homework_4", "Homework_4\Homework_4.csproj", "{F4714614-6945-4436-ADAC-0D3A336DFBDE}"
EndProject
Project("{9A19103F-16F7-4668-BE54-9A1E7A4F7556}") = "HomeWork_5", "HomeWork_5\HomeWork_5.csproj", "{17A22F76-69A8-49F3-BB49-8CFDA9AABD8F}"
EndProject
Project("{9A19103F-16F7-4668-BE54-9A1E7A4F7556}") = "Lesson_5", "Lesson_5\Lesson_5.csproj", "{219C8223-7A35-44EE-9DF0-C4366277F311}"
EndProject
Project("{9A19103F-16F7-4668-BE54-9A1E7A4F7556}") = "HomeWork_arrays", "HomeWork_arrays\HomeWork_arrays.csproj", "{C031FAD5-585E-4437-9B56-D9BC4A50316A}"
EndProject
Project("{9A19103F-16F7-4668-BE54-9A1E7A4F7556}") = "HomeWork_6_Lesson7", "HomeWork_6_Lesson7\HomeWork_6_Lesson7.csproj", "{BF764716-E9D4-4903-A3CC-E3EA2486B491}"
EndProject
Project("{9A19103F-16F7-4668-BE54-9A1E7A4F7556}") = "Lesson_6_arrey", "Lesson_6_arrey\Lesson_6_arrey.csproj", "{FACD3878-BB39-4064-968D-A18A905CAD3E}"
EndProject
Project("{9A19103F-16F7-4668-BE54-9A1E7A4F7556}") = "Lesson_8_overload_ref_out", "Lesson_8_overload_ref_out\Lesson_8_overload_ref_out.csproj", "{FA5D17CC-3DB1-45B0-AB7A-95761C35CCAC}"
EndProject
Project("{9A19103F-16F7-4668-BE54-9A1E7A4F7556}") = "Lesson_7_methods", "Lesson_7_methods\Lesson_7_methods.csproj", "{2B37836E-2DE8-45F2-91A7-FD2834E9A8D7}"
EndProject
Project("{9A19103F-16F7-4668-BE54-9A1E7A4F7556}") = "Lesson_9_Algrithms", "Lesson_9_Algrithms\Lesson_9_Algrithms.csproj", "{61F178A1-D93F-4D5F-BC53-29B47FEF389F}"
EndProject
Project("{9A19103F-16F7-4668-BE54-9A1E7A4F7556}") = "HomeWork_7_Lesson9", "HomeWork_7_Lesson9\HomeWork_7_Lesson9.csproj", "{DDFF1D58-044B-4EB5-8399-7B1E22972B0A}"
EndProject
Project("{9A19103F-16F7-4668-BE54-9A1E7A4F7556}") = "HomeWork_8_lesson_10_Collections", "HomeWork_8_lesson_10_Collections\HomeWork_8_lesson_10_Collections.csproj", "{48B0EC77-6BC9-4DE2-BE2F-A8777C782D01}"
EndProject
Project("{9A19103F-16F7-4668-BE54-9A1E7A4F7556}") = "Lesson_10_Collections", "Lesson_10_Collections\Lesson_10_Collections.csproj", "{DDBF7268-E38A-4AD0-8A74-AF09F7DA2F3C}"
EndProject
Project("{FAE04EC0-301F-11D3-BF4B-00C04F79EFBC}") = "Lesson_12_Stringbuilder", "Lesson_12_Stringbuilder\Lesson_12_Stringbuilder.csproj", "{27675FA6-0504-433B-8CF9-23595CE17563}"
EndProject
Project("{FAE04EC0-301F-11D3-BF4B-00C04F79EFBC}") = "Lesson_12_GameCode", "Lesson_12_GameCode\Lesson_12_GameCode.csproj", "{6A475C8E-800C-403F-B5DC-382C2A7AE063}"
EndProject
Project("{FAE04EC0-301F-11D3-BF4B-00C04F79EFBC}") = "HomeWork_9_lessom12", "HomeWork_9_lessom12\HomeWork_9_lessom12.csproj", "{4D678906-492C-44C3-A459-1571EDC9DCE1}"
EndProject
Global
	GlobalSection(SolutionConfigurationPlatforms) = preSolution
		Debug|Any CPU = Debug|Any CPU
		Release|Any CPU = Release|Any CPU
	EndGlobalSection
	GlobalSection(ProjectConfigurationPlatforms) = postSolution
		{1903A99F-9ABC-49F9-AF60-D10F2B4F9ADB}.Debug|Any CPU.ActiveCfg = Debug|Any CPU
		{1903A99F-9ABC-49F9-AF60-D10F2B4F9ADB}.Debug|Any CPU.Build.0 = Debug|Any CPU
		{1903A99F-9ABC-49F9-AF60-D10F2B4F9ADB}.Release|Any CPU.ActiveCfg = Release|Any CPU
		{1903A99F-9ABC-49F9-AF60-D10F2B4F9ADB}.Release|Any CPU.Build.0 = Release|Any CPU
		{E21A358C-C1C3-459F-AC9C-36CE78A987B7}.Debug|Any CPU.ActiveCfg = Debug|Any CPU
		{E21A358C-C1C3-459F-AC9C-36CE78A987B7}.Debug|Any CPU.Build.0 = Debug|Any CPU
		{E21A358C-C1C3-459F-AC9C-36CE78A987B7}.Release|Any CPU.ActiveCfg = Release|Any CPU
		{E21A358C-C1C3-459F-AC9C-36CE78A987B7}.Release|Any CPU.Build.0 = Release|Any CPU
		{202F9940-20D3-454E-90F6-C4D88E7C2140}.Debug|Any CPU.ActiveCfg = Debug|Any CPU
		{202F9940-20D3-454E-90F6-C4D88E7C2140}.Debug|Any CPU.Build.0 = Debug|Any CPU
		{202F9940-20D3-454E-90F6-C4D88E7C2140}.Release|Any CPU.ActiveCfg = Release|Any CPU
		{202F9940-20D3-454E-90F6-C4D88E7C2140}.Release|Any CPU.Build.0 = Release|Any CPU
		{E00A61BE-8C2B-4529-B799-A0B9DC95A90A}.Debug|Any CPU.ActiveCfg = Debug|Any CPU
		{E00A61BE-8C2B-4529-B799-A0B9DC95A90A}.Debug|Any CPU.Build.0 = Debug|Any CPU
		{E00A61BE-8C2B-4529-B799-A0B9DC95A90A}.Release|Any CPU.ActiveCfg = Release|Any CPU
		{E00A61BE-8C2B-4529-B799-A0B9DC95A90A}.Release|Any CPU.Build.0 = Release|Any CPU
		{2B8DC805-DB16-4DA2-9EC1-34AB95DCF6FC}.Debug|Any CPU.ActiveCfg = Debug|Any CPU
		{2B8DC805-DB16-4DA2-9EC1-34AB95DCF6FC}.Debug|Any CPU.Build.0 = Debug|Any CPU
		{2B8DC805-DB16-4DA2-9EC1-34AB95DCF6FC}.Release|Any CPU.ActiveCfg = Release|Any CPU
		{2B8DC805-DB16-4DA2-9EC1-34AB95DCF6FC}.Release|Any CPU.Build.0 = Release|Any CPU
		{A78D4638-DAFD-436D-A627-29E3CF3CCBC6}.Debug|Any CPU.ActiveCfg = Debug|Any CPU
		{A78D4638-DAFD-436D-A627-29E3CF3CCBC6}.Debug|Any CPU.Build.0 = Debug|Any CPU
		{A78D4638-DAFD-436D-A627-29E3CF3CCBC6}.Release|Any CPU.ActiveCfg = Release|Any CPU
		{A78D4638-DAFD-436D-A627-29E3CF3CCBC6}.Release|Any CPU.Build.0 = Release|Any CPU
		{5E0248BF-8EA4-44F5-A027-EDF22C200A27}.Debug|Any CPU.ActiveCfg = Debug|Any CPU
		{5E0248BF-8EA4-44F5-A027-EDF22C200A27}.Debug|Any CPU.Build.0 = Debug|Any CPU
		{5E0248BF-8EA4-44F5-A027-EDF22C200A27}.Release|Any CPU.ActiveCfg = Release|Any CPU
		{5E0248BF-8EA4-44F5-A027-EDF22C200A27}.Release|Any CPU.Build.0 = Release|Any CPU
		{F4714614-6945-4436-ADAC-0D3A336DFBDE}.Debug|Any CPU.ActiveCfg = Debug|Any CPU
		{F4714614-6945-4436-ADAC-0D3A336DFBDE}.Debug|Any CPU.Build.0 = Debug|Any CPU
		{F4714614-6945-4436-ADAC-0D3A336DFBDE}.Release|Any CPU.ActiveCfg = Release|Any CPU
		{F4714614-6945-4436-ADAC-0D3A336DFBDE}.Release|Any CPU.Build.0 = Release|Any CPU
		{17A22F76-69A8-49F3-BB49-8CFDA9AABD8F}.Debug|Any CPU.ActiveCfg = Debug|Any CPU
		{17A22F76-69A8-49F3-BB49-8CFDA9AABD8F}.Debug|Any CPU.Build.0 = Debug|Any CPU
		{17A22F76-69A8-49F3-BB49-8CFDA9AABD8F}.Release|Any CPU.ActiveCfg = Release|Any CPU
		{17A22F76-69A8-49F3-BB49-8CFDA9AABD8F}.Release|Any CPU.Build.0 = Release|Any CPU
		{219C8223-7A35-44EE-9DF0-C4366277F311}.Debug|Any CPU.ActiveCfg = Debug|Any CPU
		{219C8223-7A35-44EE-9DF0-C4366277F311}.Debug|Any CPU.Build.0 = Debug|Any CPU
		{219C8223-7A35-44EE-9DF0-C4366277F311}.Release|Any CPU.ActiveCfg = Release|Any CPU
		{219C8223-7A35-44EE-9DF0-C4366277F311}.Release|Any CPU.Build.0 = Release|Any CPU
		{C031FAD5-585E-4437-9B56-D9BC4A50316A}.Debug|Any CPU.ActiveCfg = Debug|Any CPU
		{C031FAD5-585E-4437-9B56-D9BC4A50316A}.Debug|Any CPU.Build.0 = Debug|Any CPU
		{C031FAD5-585E-4437-9B56-D9BC4A50316A}.Release|Any CPU.ActiveCfg = Release|Any CPU
		{C031FAD5-585E-4437-9B56-D9BC4A50316A}.Release|Any CPU.Build.0 = Release|Any CPU
		{BF764716-E9D4-4903-A3CC-E3EA2486B491}.Debug|Any CPU.ActiveCfg = Debug|Any CPU
		{BF764716-E9D4-4903-A3CC-E3EA2486B491}.Debug|Any CPU.Build.0 = Debug|Any CPU
		{BF764716-E9D4-4903-A3CC-E3EA2486B491}.Release|Any CPU.ActiveCfg = Release|Any CPU
		{BF764716-E9D4-4903-A3CC-E3EA2486B491}.Release|Any CPU.Build.0 = Release|Any CPU
		{FACD3878-BB39-4064-968D-A18A905CAD3E}.Debug|Any CPU.ActiveCfg = Debug|Any CPU
		{FACD3878-BB39-4064-968D-A18A905CAD3E}.Debug|Any CPU.Build.0 = Debug|Any CPU
		{FACD3878-BB39-4064-968D-A18A905CAD3E}.Release|Any CPU.ActiveCfg = Release|Any CPU
		{FACD3878-BB39-4064-968D-A18A905CAD3E}.Release|Any CPU.Build.0 = Release|Any CPU
		{FA5D17CC-3DB1-45B0-AB7A-95761C35CCAC}.Debug|Any CPU.ActiveCfg = Debug|Any CPU
		{FA5D17CC-3DB1-45B0-AB7A-95761C35CCAC}.Debug|Any CPU.Build.0 = Debug|Any CPU
		{FA5D17CC-3DB1-45B0-AB7A-95761C35CCAC}.Release|Any CPU.ActiveCfg = Release|Any CPU
		{FA5D17CC-3DB1-45B0-AB7A-95761C35CCAC}.Release|Any CPU.Build.0 = Release|Any CPU
		{2B37836E-2DE8-45F2-91A7-FD2834E9A8D7}.Debug|Any CPU.ActiveCfg = Debug|Any CPU
		{2B37836E-2DE8-45F2-91A7-FD2834E9A8D7}.Debug|Any CPU.Build.0 = Debug|Any CPU
		{2B37836E-2DE8-45F2-91A7-FD2834E9A8D7}.Release|Any CPU.ActiveCfg = Release|Any CPU
		{2B37836E-2DE8-45F2-91A7-FD2834E9A8D7}.Release|Any CPU.Build.0 = Release|Any CPU
		{61F178A1-D93F-4D5F-BC53-29B47FEF389F}.Debug|Any CPU.ActiveCfg = Debug|Any CPU
		{61F178A1-D93F-4D5F-BC53-29B47FEF389F}.Debug|Any CPU.Build.0 = Debug|Any CPU
		{61F178A1-D93F-4D5F-BC53-29B47FEF389F}.Release|Any CPU.ActiveCfg = Release|Any CPU
		{61F178A1-D93F-4D5F-BC53-29B47FEF389F}.Release|Any CPU.Build.0 = Release|Any CPU
		{DDFF1D58-044B-4EB5-8399-7B1E22972B0A}.Debug|Any CPU.ActiveCfg = Debug|Any CPU
		{DDFF1D58-044B-4EB5-8399-7B1E22972B0A}.Debug|Any CPU.Build.0 = Debug|Any CPU
		{DDFF1D58-044B-4EB5-8399-7B1E22972B0A}.Release|Any CPU.ActiveCfg = Release|Any CPU
		{DDFF1D58-044B-4EB5-8399-7B1E22972B0A}.Release|Any CPU.Build.0 = Release|Any CPU
		{48B0EC77-6BC9-4DE2-BE2F-A8777C782D01}.Debug|Any CPU.ActiveCfg = Debug|Any CPU
		{48B0EC77-6BC9-4DE2-BE2F-A8777C782D01}.Debug|Any CPU.Build.0 = Debug|Any CPU
		{48B0EC77-6BC9-4DE2-BE2F-A8777C782D01}.Release|Any CPU.ActiveCfg = Release|Any CPU
		{48B0EC77-6BC9-4DE2-BE2F-A8777C782D01}.Release|Any CPU.Build.0 = Release|Any CPU
		{DDBF7268-E38A-4AD0-8A74-AF09F7DA2F3C}.Debug|Any CPU.ActiveCfg = Debug|Any CPU
		{DDBF7268-E38A-4AD0-8A74-AF09F7DA2F3C}.Debug|Any CPU.Build.0 = Debug|Any CPU
		{DDBF7268-E38A-4AD0-8A74-AF09F7DA2F3C}.Release|Any CPU.ActiveCfg = Release|Any CPU
		{DDBF7268-E38A-4AD0-8A74-AF09F7DA2F3C}.Release|Any CPU.Build.0 = Release|Any CPU
		{27675FA6-0504-433B-8CF9-23595CE17563}.Debug|Any CPU.ActiveCfg = Debug|Any CPU
		{27675FA6-0504-433B-8CF9-23595CE17563}.Debug|Any CPU.Build.0 = Debug|Any CPU
		{27675FA6-0504-433B-8CF9-23595CE17563}.Release|Any CPU.ActiveCfg = Release|Any CPU
		{27675FA6-0504-433B-8CF9-23595CE17563}.Release|Any CPU.Build.0 = Release|Any CPU
		{6A475C8E-800C-403F-B5DC-382C2A7AE063}.Debug|Any CPU.ActiveCfg = Debug|Any CPU
		{6A475C8E-800C-403F-B5DC-382C2A7AE063}.Debug|Any CPU.Build.0 = Debug|Any CPU
		{6A475C8E-800C-403F-B5DC-382C2A7AE063}.Release|Any CPU.ActiveCfg = Release|Any CPU
		{6A475C8E-800C-403F-B5DC-382C2A7AE063}.Release|Any CPU.Build.0 = Release|Any CPU
		{4D678906-492C-44C3-A459-1571EDC9DCE1}.Debug|Any CPU.ActiveCfg = Debug|Any CPU
		{4D678906-492C-44C3-A459-1571EDC9DCE1}.Debug|Any CPU.Build.0 = Debug|Any CPU
		{4D678906-492C-44C3-A459-1571EDC9DCE1}.Release|Any CPU.ActiveCfg = Release|Any CPU
		{4D678906-492C-44C3-A459-1571EDC9DCE1}.Release|Any CPU.Build.0 = Release|Any CPU
	EndGlobalSection
	GlobalSection(SolutionProperties) = preSolution
		HideSolutionNode = FALSE
	EndGlobalSection
	GlobalSection(ExtensibilityGlobals) = postSolution
		SolutionGuid = {0BBF43B6-069A-4929-8792-7C5A649ABE67}
	EndGlobalSection
EndGlobal
